
Microsoft Visual Studio Solution File, Format Version 12.00
# Visual Studio Version 17
VisualStudioVersion = 17.5.33424.131
MinimumVisualStudioVersion = 10.0.40219.1
Project("{888888A0-9F3D-457C-B088-3A5042F75D52}") = "scraptest", "scraptest.pyproj", "{B1079849-E228-4832-BBF2-C4D08491F042}"
EndProject
Global
	GlobalSection(SolutionConfigurationPlatforms) = preSolution
		Debug|Any CPU = Debug|Any CPU
		Release|Any CPU = Release|Any CPU
	EndGlobalSection
	GlobalSection(ProjectConfigurationPlatforms) = postSolution
		{B1079849-E228-4832-BBF2-C4D08491F042}.Debug|Any CPU.ActiveCfg = Debug|Any CPU
		{B1079849-E228-4832-BBF2-C4D08491F042}.Release|Any CPU.ActiveCfg = Release|Any CPU
	EndGlobalSection
	GlobalSection(SolutionProperties) = preSolution
		HideSolutionNode = FALSE
	EndGlobalSection
	GlobalSection(ExtensibilityGlobals) = postSolution
		SolutionGuid = {707B09D0-FC54-4BFB-B0A3-0640ABDCD900}
	EndGlobalSection
EndGlobal
